
Microsoft Visual Studio Solution File, Format Version 12.00
# Visual Studio Version 16
VisualStudioVersion = 16.0.31613.86
MinimumVisualStudioVersion = 10.0.40219.1
Project("{FAE04EC0-301F-11D3-BF4B-00C04F79EFBC}") = "WebMVC", "WebMVC.csproj", "{98DECE7D-FABB-470F-81E0-6CA7B3196E65}"
EndProject
Global
	GlobalSection(SolutionConfigurationPlatforms) = preSolution
		Debug|Any CPU = Debug|Any CPU
		Release|Any CPU = Release|Any CPU
	EndGlobalSection
	GlobalSection(ProjectConfigurationPlatforms) = postSolution
		{98DECE7D-FABB-470F-81E0-6CA7B3196E65}.Debug|Any CPU.ActiveCfg = Debug|Any CPU
		{98DECE7D-FABB-470F-81E0-6CA7B3196E65}.Debug|Any CPU.Build.0 = Debug|Any CPU
		{98DECE7D-FABB-470F-81E0-6CA7B3196E65}.Release|Any CPU.ActiveCfg = Release|Any CPU
		{98DECE7D-FABB-470F-81E0-6CA7B3196E65}.Release|Any CPU.Build.0 = Release|Any CPU
	EndGlobalSection
	GlobalSection(SolutionProperties) = preSolution
		HideSolutionNode = FALSE
	EndGlobalSection
	GlobalSection(ExtensibilityGlobals) = postSolution
		SolutionGuid = {A1878AC0-B08C-47CE-A169-B6B3AD129778}
	EndGlobalSection
EndGlobal
